# THIS IS AN AUTOGENERATED FILE. DO NOT EDIT THIS FILE DIRECTLY.
# yarn lockfile v1


dayjs@^1.11.7:
  version "1.11.7"
  resolved "https://registry.yarnpkg.com/dayjs/-/dayjs-1.11.7.tgz#4b296922642f70999544d1144a2c25730fce63e2"
  integrity sha512-+Yw9U6YO5TQohxLcIkrXBeY73WP3ejHWVvx8XCk3gxvQDCTEmS48ZrSZCKciI7Bhl/uCMyxYtE9UqRILmFphkQ==

usehooks-ts@^2.9.1:
  version "2.9.1"
  resolved "https://registry.yarnpkg.com/usehooks-ts/-/usehooks-ts-2.9.1.tgz#953d3284851ffd097432379e271ce046a8180b37"
  integrity sha512-2FAuSIGHlY+apM9FVlj8/oNhd+1y+Uwv5QNkMQz1oSfdHk4PXo1qoCw9I5M7j0vpH8CSWFJwXbVPeYDjLCx9PA==
